
Microsoft Visual Studio Solution File, Format Version 12.00
# Visual Studio 2013
VisualStudioVersion = 12.0.31101.0
MinimumVisualStudioVersion = 10.0.40219.1
Project("{FAE04EC0-301F-11D3-BF4B-00C04F79EFBC}") = "HC_SB", "HC_SB\HC_SB.csproj", "{9AB96A4E-6272-4DF8-864D-94E5E1E83D5C}"
EndProject
Project("{2150E333-8FDC-42A3-9474-1A3956D46DE8}") = "Datos", "Datos", "{515C5D83-3B38-40F9-A1ED-53276CFA6325}"
EndProject
Project("{2150E333-8FDC-42A3-9474-1A3956D46DE8}") = "Interfaces", "Interfaces", "{AAB9CEE3-5A92-45C8-905E-AA61F57FB906}"
EndProject
Project("{2150E333-8FDC-42A3-9474-1A3956D46DE8}") = "Negocio", "Negocio", "{BF8EFA11-F418-4279-BC38-3DDD5DA4AB00}"
EndProject
Project("{2150E333-8FDC-42A3-9474-1A3956D46DE8}") = "Presentacion", "Presentacion", "{5789D886-7030-427D-A4D6-FEBCE2D5953D}"
EndProject
Project("{2150E333-8FDC-42A3-9474-1A3956D46DE8}") = "Transversales", "Transversales", "{2F02FDD0-8119-4E71-BA79-21B70725AAB3}"
EndProject
Project("{2150E333-8FDC-42A3-9474-1A3956D46DE8}") = "Auditoria", "Auditoria", "{46BEDCDC-6A58-44C3-9626-34477D6CCDC8}"
EndProject
Project("{2150E333-8FDC-42A3-9474-1A3956D46DE8}") = "Servicios", "Servicios", "{CE4A75A1-5AD5-4CB1-8532-8A4EBC149665}"
EndProject
Project("{2150E333-8FDC-42A3-9474-1A3956D46DE8}") = "Pruebas", "Pruebas", "{75680CE7-05D7-4DF0-BDFF-4CFAC85F478C}"
EndProject
Project("{FAE04EC0-301F-11D3-BF4B-00C04F79EFBC}") = "HC_SB.Modelos", "HC_SB.Modelos\HC_SB.Modelos.csproj", "{582332E8-F1CD-407D-B23C-3905E46DF9BC}"
EndProject
Project("{FAE04EC0-301F-11D3-BF4B-00C04F79EFBC}") = "HC_SB.Repositorio", "HC_SB.Repositorio\HC_SB.Repositorio.csproj", "{352825E9-E34F-43D3-AEB6-2453CE79272E}"
EndProject
Project("{FAE04EC0-301F-11D3-BF4B-00C04F79EFBC}") = "HC_SB.Interfaces", "HC_SB.Interfaces\HC_SB.Interfaces.csproj", "{33A24508-33B5-4ECE-80A2-2B12E1CB1EE0}"
EndProject
Project("{FAE04EC0-301F-11D3-BF4B-00C04F79EFBC}") = "HC_SB.InterfazManager", "HC_SB.InterfazManager\HC_SB.InterfazManager.csproj", "{91B95E2C-59CE-4DBA-859C-6A2C97EE508C}"
EndProject
Project("{FAE04EC0-301F-11D3-BF4B-00C04F79EFBC}") = "HC_SB.EntidadesDominio", "HC_SB.EntidadesDominio\HC_SB.EntidadesDominio.csproj", "{F86BE932-7734-4A69-B90A-93BCE2AC2100}"
EndProject
Project("{FAE04EC0-301F-11D3-BF4B-00C04F79EFBC}") = "HC_SB.Logica", "HC_SB.Logica\HC_SB.Logica.csproj", "{4C874169-52E7-4B90-BC14-B4E8AE250E12}"
EndProject
Global
	GlobalSection(SolutionConfigurationPlatforms) = preSolution
		Debug|Any CPU = Debug|Any CPU
		Release|Any CPU = Release|Any CPU
	EndGlobalSection
	GlobalSection(ProjectConfigurationPlatforms) = postSolution
		{9AB96A4E-6272-4DF8-864D-94E5E1E83D5C}.Debug|Any CPU.ActiveCfg = Debug|Any CPU
		{9AB96A4E-6272-4DF8-864D-94E5E1E83D5C}.Debug|Any CPU.Build.0 = Debug|Any CPU
		{9AB96A4E-6272-4DF8-864D-94E5E1E83D5C}.Release|Any CPU.ActiveCfg = Release|Any CPU
		{9AB96A4E-6272-4DF8-864D-94E5E1E83D5C}.Release|Any CPU.Build.0 = Release|Any CPU
		{582332E8-F1CD-407D-B23C-3905E46DF9BC}.Debug|Any CPU.ActiveCfg = Debug|Any CPU
		{582332E8-F1CD-407D-B23C-3905E46DF9BC}.Debug|Any CPU.Build.0 = Debug|Any CPU
		{582332E8-F1CD-407D-B23C-3905E46DF9BC}.Release|Any CPU.ActiveCfg = Release|Any CPU
		{582332E8-F1CD-407D-B23C-3905E46DF9BC}.Release|Any CPU.Build.0 = Release|Any CPU
		{352825E9-E34F-43D3-AEB6-2453CE79272E}.Debug|Any CPU.ActiveCfg = Debug|Any CPU
		{352825E9-E34F-43D3-AEB6-2453CE79272E}.Debug|Any CPU.Build.0 = Debug|Any CPU
		{352825E9-E34F-43D3-AEB6-2453CE79272E}.Release|Any CPU.ActiveCfg = Release|Any CPU
		{352825E9-E34F-43D3-AEB6-2453CE79272E}.Release|Any CPU.Build.0 = Release|Any CPU
		{33A24508-33B5-4ECE-80A2-2B12E1CB1EE0}.Debug|Any CPU.ActiveCfg = Debug|Any CPU
		{33A24508-33B5-4ECE-80A2-2B12E1CB1EE0}.Debug|Any CPU.Build.0 = Debug|Any CPU
		{33A24508-33B5-4ECE-80A2-2B12E1CB1EE0}.Release|Any CPU.ActiveCfg = Release|Any CPU
		{33A24508-33B5-4ECE-80A2-2B12E1CB1EE0}.Release|Any CPU.Build.0 = Release|Any CPU
		{91B95E2C-59CE-4DBA-859C-6A2C97EE508C}.Debug|Any CPU.ActiveCfg = Debug|Any CPU
		{91B95E2C-59CE-4DBA-859C-6A2C97EE508C}.Debug|Any CPU.Build.0 = Debug|Any CPU
		{91B95E2C-59CE-4DBA-859C-6A2C97EE508C}.Release|Any CPU.ActiveCfg = Release|Any CPU
		{91B95E2C-59CE-4DBA-859C-6A2C97EE508C}.Release|Any CPU.Build.0 = Release|Any CPU
		{F86BE932-7734-4A69-B90A-93BCE2AC2100}.Debug|Any CPU.ActiveCfg = Debug|Any CPU
		{F86BE932-7734-4A69-B90A-93BCE2AC2100}.Debug|Any CPU.Build.0 = Debug|Any CPU
		{F86BE932-7734-4A69-B90A-93BCE2AC2100}.Release|Any CPU.ActiveCfg = Release|Any CPU
		{F86BE932-7734-4A69-B90A-93BCE2AC2100}.Release|Any CPU.Build.0 = Release|Any CPU
		{4C874169-52E7-4B90-BC14-B4E8AE250E12}.Debug|Any CPU.ActiveCfg = Debug|Any CPU
		{4C874169-52E7-4B90-BC14-B4E8AE250E12}.Debug|Any CPU.Build.0 = Debug|Any CPU
		{4C874169-52E7-4B90-BC14-B4E8AE250E12}.Release|Any CPU.ActiveCfg = Release|Any CPU
		{4C874169-52E7-4B90-BC14-B4E8AE250E12}.Release|Any CPU.Build.0 = Release|Any CPU
	EndGlobalSection
	GlobalSection(SolutionProperties) = preSolution
		HideSolutionNode = FALSE
	EndGlobalSection
	GlobalSection(NestedProjects) = preSolution
		{9AB96A4E-6272-4DF8-864D-94E5E1E83D5C} = {5789D886-7030-427D-A4D6-FEBCE2D5953D}
		{582332E8-F1CD-407D-B23C-3905E46DF9BC} = {515C5D83-3B38-40F9-A1ED-53276CFA6325}
		{352825E9-E34F-43D3-AEB6-2453CE79272E} = {515C5D83-3B38-40F9-A1ED-53276CFA6325}
		{33A24508-33B5-4ECE-80A2-2B12E1CB1EE0} = {AAB9CEE3-5A92-45C8-905E-AA61F57FB906}
		{91B95E2C-59CE-4DBA-859C-6A2C97EE508C} = {AAB9CEE3-5A92-45C8-905E-AA61F57FB906}
		{F86BE932-7734-4A69-B90A-93BCE2AC2100} = {BF8EFA11-F418-4279-BC38-3DDD5DA4AB00}
		{4C874169-52E7-4B90-BC14-B4E8AE250E12} = {BF8EFA11-F418-4279-BC38-3DDD5DA4AB00}
	EndGlobalSection
EndGlobal
